
Microsoft Visual Studio Solution File, Format Version 12.00
# Visual Studio 15
VisualStudioVersion = 15.0.28010.2016
MinimumVisualStudioVersion = 10.0.40219.1
Project("{8BC9CEB8-8B4A-11D0-8D11-00A0C91BC942}") = "01_AssignmentOperator", "01_AssignmentOperator\01_AssignmentOperator.vcxproj", "{B9B3D450-DE5B-481A-A979-0B537973FE02}"
EndProject
Project("{8BC9CEB8-8B4A-11D0-8D11-00A0C91BC942}") = "03_01_DuplicationInArray", "03_01_DuplicationInArray\03_01_DuplicationInArray.vcxproj", "{3C1D4516-2F63-47C8-9984-EDE17BA122C5}"
EndProject
Project("{8BC9CEB8-8B4A-11D0-8D11-00A0C91BC942}") = "03_02_baseSort", "03_02_baseSort\03_02_baseSort.vcxproj", "{9E7F6C1A-3700-497A-904F-9D02C9AFB22D}"
EndProject
Project("{8BC9CEB8-8B4A-11D0-8D11-00A0C91BC942}") = "03_03_BinaryCount", "03_02_BinaryCount\03_02_BinaryCount.vcxproj", "{E1B04AF7-318B-4CEA-9A84-011A07CB2C6F}"
EndProject
Project("{8BC9CEB8-8B4A-11D0-8D11-00A0C91BC942}") = "03_04_DuplicationInList", "03_04_DuplicationInList\03_04_DuplicationInList.vcxproj", "{83BE52F5-4936-4DD7-B596-23AA5D684791}"
EndProject
Project("{8BC9CEB8-8B4A-11D0-8D11-00A0C91BC942}") = "03_02_BaseSortSTL", "03_02_BaseSortSTL\03_02_BaseSortSTL.vcxproj", "{20375C88-C8D1-40E2-8AEF-15C0F45A3F98}"
EndProject
Project("{8BC9CEB8-8B4A-11D0-8D11-00A0C91BC942}") = "04_FindInPartiallySortedMatrix", "04_FindInPartiallySortedMatrix\04_FindInPartiallySortedMatrix.vcxproj", "{48E2030A-E952-451D-A185-C4823B8EC8DE}"
EndProject
Project("{8BC9CEB8-8B4A-11D0-8D11-00A0C91BC942}") = "05_01_ReplaceSpaces_NewChar_Own", "05_01_ReplaceSpaces\05_01_ReplaceSpaces.vcxproj", "{A91A60B9-9849-44B0-85D6-4F273332DDC3}"
EndProject
Project("{8BC9CEB8-8B4A-11D0-8D11-00A0C91BC942}") = "05_02_ReplaceSpaces_Length_Book", "05_02_ReplaceSpace_Book\05_02_ReplaceSpace_Book.vcxproj", "{6C6C59D5-92C4-4E44-A0B0-5A45DF706873}"
EndProject
Project("{8BC9CEB8-8B4A-11D0-8D11-00A0C91BC942}") = "06_01_PrintListReversed_ReversedList_Own", "06_01_PrintListInReversedOrder_Own\06_01_PrintListInReversedOrder_Own.vcxproj", "{BB9EF27C-B90D-4383-B8BA-67CED98CD352}"
EndProject
Project("{8BC9CEB8-8B4A-11D0-8D11-00A0C91BC942}") = "Utilities", "Utilities\Utilities.vcxproj", "{03FE7EB4-BB90-4068-AA5B-0C8EA3B18B8D}"
EndProject
Project("{8BC9CEB8-8B4A-11D0-8D11-00A0C91BC942}") = "06_02_PrintListReversed_Stack_STL_Nowcoder", "06_02_PrintListInReversedOrder_OwnSTL\06_02_PrintListInReversedOrder_OwnSTL.vcxproj", "{E260D546-2B5A-42D7-A306-70D58B48D598}"
EndProject
Project("{8BC9CEB8-8B4A-11D0-8D11-00A0C91BC942}") = "06_03_PrintListReversed_Recursive_Book", "06_03_PrintListReversedOrder_Book\06_03_PrintListReversedOrder_Book.vcxproj", "{5B60DEE5-D9F0-49E1-8EB1-441761C7A531}"
EndProject
Project("{8BC9CEB8-8B4A-11D0-8D11-00A0C91BC942}") = "07_01_reConstructBinaryTree_Index_Own", "07_01_ConstructBinaryTree_Own\07_01_ConstructBinaryTree_Own.vcxproj", "{10BAA7A9-F40F-42AF-AF73-DFAE64691770}"
EndProject
Project("{8BC9CEB8-8B4A-11D0-8D11-00A0C91BC942}") = "07_02_reConstructBinaryTree_STL_Nowcoder", "07_02_reConstructBinaryTree_STL_Nowcoder\07_02_reConstructBinaryTree_STL_Nowcoder.vcxproj", "{9D9DE0EE-8076-4896-8573-BDC7805451D9}"
EndProject
Project("{8BC9CEB8-8B4A-11D0-8D11-00A0C91BC942}") = "08_01_NextNodeInBinaryTrees_Own", "08_01_NextNodeInBinaryTrees_Own\08_01_NextNodeInBinaryTrees_Own.vcxproj", "{29C14BFF-D86B-44FE-A899-D3500D7B62D3}"
EndProject
Project("{8BC9CEB8-8B4A-11D0-8D11-00A0C91BC942}") = "09_01_QueueWithTwoStacks", "09_01_QueueWithTwoStacks\09_01_QueueWithTwoStacks.vcxproj", "{0C40FB5F-CD3B-428C-B56A-CC25D0BA33D5}"
EndProject
Project("{8BC9CEB8-8B4A-11D0-8D11-00A0C91BC942}") = "10_01_Fibonacci", "10_01_Fibonacci\10_01_Fibonacci.vcxproj", "{AB9E61FA-EC8F-4DAA-8C3B-E500EB40DCF1}"
EndProject
Project("{8BC9CEB8-8B4A-11D0-8D11-00A0C91BC942}") = "DP01_CoinChange_own", "DP01_coinChange_own\DP01_coinChange_own.vcxproj", "{136DCA27-BC38-44F8-BB8C-7D81AE736F67}"
EndProject
Project("{8BC9CEB8-8B4A-11D0-8D11-00A0C91BC942}") = "DP02_IsMatch", "DP02_IsMatch\DP02_IsMatch.vcxproj", "{1A315392-EF05-4080-8351-14202251BF52}"
EndProject
Project("{8BC9CEB8-8B4A-11D0-8D11-00A0C91BC942}") = "DP03_LengthOfLIS", "DP03_LengthOfLIS\DP03_LengthOfLIS.vcxproj", "{B63D87F9-4644-4051-ACD1-B347C6A8FB14}"
EndProject
Project("{8BC9CEB8-8B4A-11D0-8D11-00A0C91BC942}") = "10_02_JumpFloor", "10_02_jumpFloor\10_02_jumpFloor.vcxproj", "{559413A2-AC51-4FC1-AFA0-24F3B49856C5}"
EndProject
Project("{8BC9CEB8-8B4A-11D0-8D11-00A0C91BC942}") = "Demo_StringAdd", "Demo_StringAdd\Demo_StringAdd.vcxproj", "{25F39E82-5B55-4546-B070-B7A2C6E1DD32}"
EndProject
Project("{8BC9CEB8-8B4A-11D0-8D11-00A0C91BC942}") = "10_03_RectCover", "10_03_RectCover\10_03_RectCover.vcxproj", "{F7A74A8C-A29B-4049-9E6F-C744E42D8787}"
EndProject
Project("{8BC9CEB8-8B4A-11D0-8D11-00A0C91BC942}") = "DP04_LengthOfLCS", "DP04_LengthOfLCS\DP04_LengthOfLCS.vcxproj", "{238A969B-5E4E-4D17-B7A9-6A935187B004}"
EndProject
Project("{8BC9CEB8-8B4A-11D0-8D11-00A0C91BC942}") = "Demo_Binary", "Demo_Binary\Demo_Binary.vcxproj", "{477A7F8C-9972-4134-B86D-CCC4E8D0F505}"
EndProject
Project("{8BC9CEB8-8B4A-11D0-8D11-00A0C91BC942}") = "DP05_LongestPalindrome", "DP05_LongestPalindrome\DP05_LongestPalindrome.vcxproj", "{7B4E2938-B4BE-473F-ABDA-534273967BD6}"
EndProject
Project("{8BC9CEB8-8B4A-11D0-8D11-00A0C91BC942}") = "DP06_LongestPalindromeSubseq", "DP06_LongestPalindromeSubseq\DP06_LongestPalindromeSubseq.vcxproj", "{EA6D66C9-07B2-4D53-BD14-36EC9DD8D946}"
EndProject
Project("{8BC9CEB8-8B4A-11D0-8D11-00A0C91BC942}") = "DP07_EditDistance", "DP07_EditDistance\DP07_EditDistance.vcxproj", "{DEA56CAC-1C18-4FC4-AD46-6DE120FC247C}"
EndProject
Global
	GlobalSection(SolutionConfigurationPlatforms) = preSolution
		Debug|x64 = Debug|x64
		Debug|x86 = Debug|x86
		Release|x64 = Release|x64
		Release|x86 = Release|x86
	EndGlobalSection
	GlobalSection(ProjectConfigurationPlatforms) = postSolution
		{B9B3D450-DE5B-481A-A979-0B537973FE02}.Debug|x64.ActiveCfg = Debug|x64
		{B9B3D450-DE5B-481A-A979-0B537973FE02}.Debug|x64.Build.0 = Debug|x64
		{B9B3D450-DE5B-481A-A979-0B537973FE02}.Debug|x86.ActiveCfg = Debug|Win32
		{B9B3D450-DE5B-481A-A979-0B537973FE02}.Debug|x86.Build.0 = Debug|Win32
		{B9B3D450-DE5B-481A-A979-0B537973FE02}.Release|x64.ActiveCfg = Release|x64
		{B9B3D450-DE5B-481A-A979-0B537973FE02}.Release|x64.Build.0 = Release|x64
		{B9B3D450-DE5B-481A-A979-0B537973FE02}.Release|x86.ActiveCfg = Release|Win32
		{B9B3D450-DE5B-481A-A979-0B537973FE02}.Release|x86.Build.0 = Release|Win32
		{3C1D4516-2F63-47C8-9984-EDE17BA122C5}.Debug|x64.ActiveCfg = Debug|x64
		{3C1D4516-2F63-47C8-9984-EDE17BA122C5}.Debug|x64.Build.0 = Debug|x64
		{3C1D4516-2F63-47C8-9984-EDE17BA122C5}.Debug|x86.ActiveCfg = Debug|Win32
		{3C1D4516-2F63-47C8-9984-EDE17BA122C5}.Debug|x86.Build.0 = Debug|Win32
		{3C1D4516-2F63-47C8-9984-EDE17BA122C5}.Release|x64.ActiveCfg = Release|x64
		{3C1D4516-2F63-47C8-9984-EDE17BA122C5}.Release|x64.Build.0 = Release|x64
		{3C1D4516-2F63-47C8-9984-EDE17BA122C5}.Release|x86.ActiveCfg = Release|Win32
		{3C1D4516-2F63-47C8-9984-EDE17BA122C5}.Release|x86.Build.0 = Release|Win32
		{9E7F6C1A-3700-497A-904F-9D02C9AFB22D}.Debug|x64.ActiveCfg = Debug|x64
		{9E7F6C1A-3700-497A-904F-9D02C9AFB22D}.Debug|x64.Build.0 = Debug|x64
		{9E7F6C1A-3700-497A-904F-9D02C9AFB22D}.Debug|x86.ActiveCfg = Debug|Win32
		{9E7F6C1A-3700-497A-904F-9D02C9AFB22D}.Debug|x86.Build.0 = Debug|Win32
		{9E7F6C1A-3700-497A-904F-9D02C9AFB22D}.Release|x64.ActiveCfg = Release|x64
		{9E7F6C1A-3700-497A-904F-9D02C9AFB22D}.Release|x64.Build.0 = Release|x64
		{9E7F6C1A-3700-497A-904F-9D02C9AFB22D}.Release|x86.ActiveCfg = Release|Win32
		{9E7F6C1A-3700-497A-904F-9D02C9AFB22D}.Release|x86.Build.0 = Release|Win32
		{E1B04AF7-318B-4CEA-9A84-011A07CB2C6F}.Debug|x64.ActiveCfg = Debug|x64
		{E1B04AF7-318B-4CEA-9A84-011A07CB2C6F}.Debug|x64.Build.0 = Debug|x64
		{E1B04AF7-318B-4CEA-9A84-011A07CB2C6F}.Debug|x86.ActiveCfg = Debug|Win32
		{E1B04AF7-318B-4CEA-9A84-011A07CB2C6F}.Debug|x86.Build.0 = Debug|Win32
		{E1B04AF7-318B-4CEA-9A84-011A07CB2C6F}.Release|x64.ActiveCfg = Release|x64
		{E1B04AF7-318B-4CEA-9A84-011A07CB2C6F}.Release|x64.Build.0 = Release|x64
		{E1B04AF7-318B-4CEA-9A84-011A07CB2C6F}.Release|x86.ActiveCfg = Release|Win32
		{E1B04AF7-318B-4CEA-9A84-011A07CB2C6F}.Release|x86.Build.0 = Release|Win32
		{83BE52F5-4936-4DD7-B596-23AA5D684791}.Debug|x64.ActiveCfg = Debug|x64
		{83BE52F5-4936-4DD7-B596-23AA5D684791}.Debug|x64.Build.0 = Debug|x64
		{83BE52F5-4936-4DD7-B596-23AA5D684791}.Debug|x86.ActiveCfg = Debug|Win32
		{83BE52F5-4936-4DD7-B596-23AA5D684791}.Debug|x86.Build.0 = Debug|Win32
		{83BE52F5-4936-4DD7-B596-23AA5D684791}.Release|x64.ActiveCfg = Release|x64
		{83BE52F5-4936-4DD7-B596-23AA5D684791}.Release|x64.Build.0 = Release|x64
		{83BE52F5-4936-4DD7-B596-23AA5D684791}.Release|x86.ActiveCfg = Release|Win32
		{83BE52F5-4936-4DD7-B596-23AA5D684791}.Release|x86.Build.0 = Release|Win32
		{20375C88-C8D1-40E2-8AEF-15C0F45A3F98}.Debug|x64.ActiveCfg = Debug|x64
		{20375C88-C8D1-40E2-8AEF-15C0F45A3F98}.Debug|x64.Build.0 = Debug|x64
		{20375C88-C8D1-40E2-8AEF-15C0F45A3F98}.Debug|x86.ActiveCfg = Debug|Win32
		{20375C88-C8D1-40E2-8AEF-15C0F45A3F98}.Debug|x86.Build.0 = Debug|Win32
		{20375C88-C8D1-40E2-8AEF-15C0F45A3F98}.Release|x64.ActiveCfg = Release|x64
		{20375C88-C8D1-40E2-8AEF-15C0F45A3F98}.Release|x64.Build.0 = Release|x64
		{20375C88-C8D1-40E2-8AEF-15C0F45A3F98}.Release|x86.ActiveCfg = Release|Win32
		{20375C88-C8D1-40E2-8AEF-15C0F45A3F98}.Release|x86.Build.0 = Release|Win32
		{48E2030A-E952-451D-A185-C4823B8EC8DE}.Debug|x64.ActiveCfg = Debug|x64
		{48E2030A-E952-451D-A185-C4823B8EC8DE}.Debug|x64.Build.0 = Debug|x64
		{48E2030A-E952-451D-A185-C4823B8EC8DE}.Debug|x86.ActiveCfg = Debug|Win32
		{48E2030A-E952-451D-A185-C4823B8EC8DE}.Debug|x86.Build.0 = Debug|Win32
		{48E2030A-E952-451D-A185-C4823B8EC8DE}.Release|x64.ActiveCfg = Release|x64
		{48E2030A-E952-451D-A185-C4823B8EC8DE}.Release|x64.Build.0 = Release|x64
		{48E2030A-E952-451D-A185-C4823B8EC8DE}.Release|x86.ActiveCfg = Release|Win32
		{48E2030A-E952-451D-A185-C4823B8EC8DE}.Release|x86.Build.0 = Release|Win32
		{A91A60B9-9849-44B0-85D6-4F273332DDC3}.Debug|x64.ActiveCfg = Debug|x64
		{A91A60B9-9849-44B0-85D6-4F273332DDC3}.Debug|x64.Build.0 = Debug|x64
		{A91A60B9-9849-44B0-85D6-4F273332DDC3}.Debug|x86.ActiveCfg = Debug|Win32
		{A91A60B9-9849-44B0-85D6-4F273332DDC3}.Debug|x86.Build.0 = Debug|Win32
		{A91A60B9-9849-44B0-85D6-4F273332DDC3}.Release|x64.ActiveCfg = Release|x64
		{A91A60B9-9849-44B0-85D6-4F273332DDC3}.Release|x64.Build.0 = Release|x64
		{A91A60B9-9849-44B0-85D6-4F273332DDC3}.Release|x86.ActiveCfg = Release|Win32
		{A91A60B9-9849-44B0-85D6-4F273332DDC3}.Release|x86.Build.0 = Release|Win32
		{6C6C59D5-92C4-4E44-A0B0-5A45DF706873}.Debug|x64.ActiveCfg = Debug|x64
		{6C6C59D5-92C4-4E44-A0B0-5A45DF706873}.Debug|x64.Build.0 = Debug|x64
		{6C6C59D5-92C4-4E44-A0B0-5A45DF706873}.Debug|x86.ActiveCfg = Debug|Win32
		{6C6C59D5-92C4-4E44-A0B0-5A45DF706873}.Debug|x86.Build.0 = Debug|Win32
		{6C6C59D5-92C4-4E44-A0B0-5A45DF706873}.Release|x64.ActiveCfg = Release|x64
		{6C6C59D5-92C4-4E44-A0B0-5A45DF706873}.Release|x64.Build.0 = Release|x64
		{6C6C59D5-92C4-4E44-A0B0-5A45DF706873}.Release|x86.ActiveCfg = Release|Win32
		{6C6C59D5-92C4-4E44-A0B0-5A45DF706873}.Release|x86.Build.0 = Release|Win32
		{BB9EF27C-B90D-4383-B8BA-67CED98CD352}.Debug|x64.ActiveCfg = Debug|x64
		{BB9EF27C-B90D-4383-B8BA-67CED98CD352}.Debug|x64.Build.0 = Debug|x64
		{BB9EF27C-B90D-4383-B8BA-67CED98CD352}.Debug|x86.ActiveCfg = Debug|Win32
		{BB9EF27C-B90D-4383-B8BA-67CED98CD352}.Debug|x86.Build.0 = Debug|Win32
		{BB9EF27C-B90D-4383-B8BA-67CED98CD352}.Release|x64.ActiveCfg = Release|x64
		{BB9EF27C-B90D-4383-B8BA-67CED98CD352}.Release|x64.Build.0 = Release|x64
		{BB9EF27C-B90D-4383-B8BA-67CED98CD352}.Release|x86.ActiveCfg = Release|Win32
		{BB9EF27C-B90D-4383-B8BA-67CED98CD352}.Release|x86.Build.0 = Release|Win32
		{03FE7EB4-BB90-4068-AA5B-0C8EA3B18B8D}.Debug|x64.ActiveCfg = Debug|x64
		{03FE7EB4-BB90-4068-AA5B-0C8EA3B18B8D}.Debug|x64.Build.0 = Debug|x64
		{03FE7EB4-BB90-4068-AA5B-0C8EA3B18B8D}.Debug|x86.ActiveCfg = Debug|Win32
		{03FE7EB4-BB90-4068-AA5B-0C8EA3B18B8D}.Debug|x86.Build.0 = Debug|Win32
		{03FE7EB4-BB90-4068-AA5B-0C8EA3B18B8D}.Release|x64.ActiveCfg = Release|x64
		{03FE7EB4-BB90-4068-AA5B-0C8EA3B18B8D}.Release|x64.Build.0 = Release|x64
		{03FE7EB4-BB90-4068-AA5B-0C8EA3B18B8D}.Release|x86.ActiveCfg = Release|Win32
		{03FE7EB4-BB90-4068-AA5B-0C8EA3B18B8D}.Release|x86.Build.0 = Release|Win32
		{E260D546-2B5A-42D7-A306-70D58B48D598}.Debug|x64.ActiveCfg = Debug|x64
		{E260D546-2B5A-42D7-A306-70D58B48D598}.Debug|x64.Build.0 = Debug|x64
		{E260D546-2B5A-42D7-A306-70D58B48D598}.Debug|x86.ActiveCfg = Debug|Win32
		{E260D546-2B5A-42D7-A306-70D58B48D598}.Debug|x86.Build.0 = Debug|Win32
		{E260D546-2B5A-42D7-A306-70D58B48D598}.Release|x64.ActiveCfg = Release|x64
		{E260D546-2B5A-42D7-A306-70D58B48D598}.Release|x64.Build.0 = Release|x64
		{E260D546-2B5A-42D7-A306-70D58B48D598}.Release|x86.ActiveCfg = Release|Win32
		{E260D546-2B5A-42D7-A306-70D58B48D598}.Release|x86.Build.0 = Release|Win32
		{5B60DEE5-D9F0-49E1-8EB1-441761C7A531}.Debug|x64.ActiveCfg = Debug|x64
		{5B60DEE5-D9F0-49E1-8EB1-441761C7A531}.Debug|x64.Build.0 = Debug|x64
		{5B60DEE5-D9F0-49E1-8EB1-441761C7A531}.Debug|x86.ActiveCfg = Debug|Win32
		{5B60DEE5-D9F0-49E1-8EB1-441761C7A531}.Debug|x86.Build.0 = Debug|Win32
		{5B60DEE5-D9F0-49E1-8EB1-441761C7A531}.Release|x64.ActiveCfg = Release|x64
		{5B60DEE5-D9F0-49E1-8EB1-441761C7A531}.Release|x64.Build.0 = Release|x64
		{5B60DEE5-D9F0-49E1-8EB1-441761C7A531}.Release|x86.ActiveCfg = Release|Win32
		{5B60DEE5-D9F0-49E1-8EB1-441761C7A531}.Release|x86.Build.0 = Release|Win32
		{10BAA7A9-F40F-42AF-AF73-DFAE64691770}.Debug|x64.ActiveCfg = Debug|x64
		{10BAA7A9-F40F-42AF-AF73-DFAE64691770}.Debug|x64.Build.0 = Debug|x64
		{10BAA7A9-F40F-42AF-AF73-DFAE64691770}.Debug|x86.ActiveCfg = Debug|Win32
		{10BAA7A9-F40F-42AF-AF73-DFAE64691770}.Debug|x86.Build.0 = Debug|Win32
		{10BAA7A9-F40F-42AF-AF73-DFAE64691770}.Release|x64.ActiveCfg = Release|x64
		{10BAA7A9-F40F-42AF-AF73-DFAE64691770}.Release|x64.Build.0 = Release|x64
		{10BAA7A9-F40F-42AF-AF73-DFAE64691770}.Release|x86.ActiveCfg = Release|Win32
		{10BAA7A9-F40F-42AF-AF73-DFAE64691770}.Release|x86.Build.0 = Release|Win32
		{9D9DE0EE-8076-4896-8573-BDC7805451D9}.Debug|x64.ActiveCfg = Debug|x64
		{9D9DE0EE-8076-4896-8573-BDC7805451D9}.Debug|x64.Build.0 = Debug|x64
		{9D9DE0EE-8076-4896-8573-BDC7805451D9}.Debug|x86.ActiveCfg = Debug|Win32
		{9D9DE0EE-8076-4896-8573-BDC7805451D9}.Debug|x86.Build.0 = Debug|Win32
		{9D9DE0EE-8076-4896-8573-BDC7805451D9}.Release|x64.ActiveCfg = Release|x64
		{9D9DE0EE-8076-4896-8573-BDC7805451D9}.Release|x64.Build.0 = Release|x64
		{9D9DE0EE-8076-4896-8573-BDC7805451D9}.Release|x86.ActiveCfg = Release|Win32
		{9D9DE0EE-8076-4896-8573-BDC7805451D9}.Release|x86.Build.0 = Release|Win32
		{29C14BFF-D86B-44FE-A899-D3500D7B62D3}.Debug|x64.ActiveCfg = Debug|x64
		{29C14BFF-D86B-44FE-A899-D3500D7B62D3}.Debug|x64.Build.0 = Debug|x64
		{29C14BFF-D86B-44FE-A899-D3500D7B62D3}.Debug|x86.ActiveCfg = Debug|Win32
		{29C14BFF-D86B-44FE-A899-D3500D7B62D3}.Debug|x86.Build.0 = Debug|Win32
		{29C14BFF-D86B-44FE-A899-D3500D7B62D3}.Release|x64.ActiveCfg = Release|x64
		{29C14BFF-D86B-44FE-A899-D3500D7B62D3}.Release|x64.Build.0 = Release|x64
		{29C14BFF-D86B-44FE-A899-D3500D7B62D3}.Release|x86.ActiveCfg = Release|Win32
		{29C14BFF-D86B-44FE-A899-D3500D7B62D3}.Release|x86.Build.0 = Release|Win32
		{0C40FB5F-CD3B-428C-B56A-CC25D0BA33D5}.Debug|x64.ActiveCfg = Debug|x64
		{0C40FB5F-CD3B-428C-B56A-CC25D0BA33D5}.Debug|x64.Build.0 = Debug|x64
		{0C40FB5F-CD3B-428C-B56A-CC25D0BA33D5}.Debug|x86.ActiveCfg = Debug|Win32
		{0C40FB5F-CD3B-428C-B56A-CC25D0BA33D5}.Debug|x86.Build.0 = Debug|Win32
		{0C40FB5F-CD3B-428C-B56A-CC25D0BA33D5}.Release|x64.ActiveCfg = Release|x64
		{0C40FB5F-CD3B-428C-B56A-CC25D0BA33D5}.Release|x64.Build.0 = Release|x64
		{0C40FB5F-CD3B-428C-B56A-CC25D0BA33D5}.Release|x86.ActiveCfg = Release|Win32
		{0C40FB5F-CD3B-428C-B56A-CC25D0BA33D5}.Release|x86.Build.0 = Release|Win32
		{AB9E61FA-EC8F-4DAA-8C3B-E500EB40DCF1}.Debug|x64.ActiveCfg = Debug|x64
		{AB9E61FA-EC8F-4DAA-8C3B-E500EB40DCF1}.Debug|x64.Build.0 = Debug|x64
		{AB9E61FA-EC8F-4DAA-8C3B-E500EB40DCF1}.Debug|x86.ActiveCfg = Debug|Win32
		{AB9E61FA-EC8F-4DAA-8C3B-E500EB40DCF1}.Debug|x86.Build.0 = Debug|Win32
		{AB9E61FA-EC8F-4DAA-8C3B-E500EB40DCF1}.Release|x64.ActiveCfg = Release|x64
		{AB9E61FA-EC8F-4DAA-8C3B-E500EB40DCF1}.Release|x64.Build.0 = Release|x64
		{AB9E61FA-EC8F-4DAA-8C3B-E500EB40DCF1}.Release|x86.ActiveCfg = Release|Win32
		{AB9E61FA-EC8F-4DAA-8C3B-E500EB40DCF1}.Release|x86.Build.0 = Release|Win32
		{136DCA27-BC38-44F8-BB8C-7D81AE736F67}.Debug|x64.ActiveCfg = Debug|x64
		{136DCA27-BC38-44F8-BB8C-7D81AE736F67}.Debug|x64.Build.0 = Debug|x64
		{136DCA27-BC38-44F8-BB8C-7D81AE736F67}.Debug|x86.ActiveCfg = Debug|Win32
		{136DCA27-BC38-44F8-BB8C-7D81AE736F67}.Debug|x86.Build.0 = Debug|Win32
		{136DCA27-BC38-44F8-BB8C-7D81AE736F67}.Release|x64.ActiveCfg = Release|x64
		{136DCA27-BC38-44F8-BB8C-7D81AE736F67}.Release|x64.Build.0 = Release|x64
		{136DCA27-BC38-44F8-BB8C-7D81AE736F67}.Release|x86.ActiveCfg = Release|Win32
		{136DCA27-BC38-44F8-BB8C-7D81AE736F67}.Release|x86.Build.0 = Release|Win32
		{1A315392-EF05-4080-8351-14202251BF52}.Debug|x64.ActiveCfg = Debug|x64
		{1A315392-EF05-4080-8351-14202251BF52}.Debug|x64.Build.0 = Debug|x64
		{1A315392-EF05-4080-8351-14202251BF52}.Debug|x86.ActiveCfg = Debug|Win32
		{1A315392-EF05-4080-8351-14202251BF52}.Debug|x86.Build.0 = Debug|Win32
		{1A315392-EF05-4080-8351-14202251BF52}.Release|x64.ActiveCfg = Release|x64
		{1A315392-EF05-4080-8351-14202251BF52}.Release|x64.Build.0 = Release|x64
		{1A315392-EF05-4080-8351-14202251BF52}.Release|x86.ActiveCfg = Release|Win32
		{1A315392-EF05-4080-8351-14202251BF52}.Release|x86.Build.0 = Release|Win32
		{B63D87F9-4644-4051-ACD1-B347C6A8FB14}.Debug|x64.ActiveCfg = Debug|x64
		{B63D87F9-4644-4051-ACD1-B347C6A8FB14}.Debug|x64.Build.0 = Debug|x64
		{B63D87F9-4644-4051-ACD1-B347C6A8FB14}.Debug|x86.ActiveCfg = Debug|Win32
		{B63D87F9-4644-4051-ACD1-B347C6A8FB14}.Debug|x86.Build.0 = Debug|Win32
		{B63D87F9-4644-4051-ACD1-B347C6A8FB14}.Release|x64.ActiveCfg = Release|x64
		{B63D87F9-4644-4051-ACD1-B347C6A8FB14}.Release|x64.Build.0 = Release|x64
		{B63D87F9-4644-4051-ACD1-B347C6A8FB14}.Release|x86.ActiveCfg = Release|Win32
		{B63D87F9-4644-4051-ACD1-B347C6A8FB14}.Release|x86.Build.0 = Release|Win32
		{559413A2-AC51-4FC1-AFA0-24F3B49856C5}.Debug|x64.ActiveCfg = Debug|x64
		{559413A2-AC51-4FC1-AFA0-24F3B49856C5}.Debug|x64.Build.0 = Debug|x64
		{559413A2-AC51-4FC1-AFA0-24F3B49856C5}.Debug|x86.ActiveCfg = Debug|Win32
		{559413A2-AC51-4FC1-AFA0-24F3B49856C5}.Debug|x86.Build.0 = Debug|Win32
		{559413A2-AC51-4FC1-AFA0-24F3B49856C5}.Release|x64.ActiveCfg = Release|x64
		{559413A2-AC51-4FC1-AFA0-24F3B49856C5}.Release|x64.Build.0 = Release|x64
		{559413A2-AC51-4FC1-AFA0-24F3B49856C5}.Release|x86.ActiveCfg = Release|Win32
		{559413A2-AC51-4FC1-AFA0-24F3B49856C5}.Release|x86.Build.0 = Release|Win32
		{25F39E82-5B55-4546-B070-B7A2C6E1DD32}.Debug|x64.ActiveCfg = Debug|x64
		{25F39E82-5B55-4546-B070-B7A2C6E1DD32}.Debug|x64.Build.0 = Debug|x64
		{25F39E82-5B55-4546-B070-B7A2C6E1DD32}.Debug|x86.ActiveCfg = Debug|Win32
		{25F39E82-5B55-4546-B070-B7A2C6E1DD32}.Debug|x86.Build.0 = Debug|Win32
		{25F39E82-5B55-4546-B070-B7A2C6E1DD32}.Release|x64.ActiveCfg = Release|x64
		{25F39E82-5B55-4546-B070-B7A2C6E1DD32}.Release|x64.Build.0 = Release|x64
		{25F39E82-5B55-4546-B070-B7A2C6E1DD32}.Release|x86.ActiveCfg = Release|Win32
		{25F39E82-5B55-4546-B070-B7A2C6E1DD32}.Release|x86.Build.0 = Release|Win32
		{F7A74A8C-A29B-4049-9E6F-C744E42D8787}.Debug|x64.ActiveCfg = Debug|x64
		{F7A74A8C-A29B-4049-9E6F-C744E42D8787}.Debug|x64.Build.0 = Debug|x64
		{F7A74A8C-A29B-4049-9E6F-C744E42D8787}.Debug|x86.ActiveCfg = Debug|Win32
		{F7A74A8C-A29B-4049-9E6F-C744E42D8787}.Debug|x86.Build.0 = Debug|Win32
		{F7A74A8C-A29B-4049-9E6F-C744E42D8787}.Release|x64.ActiveCfg = Release|x64
		{F7A74A8C-A29B-4049-9E6F-C744E42D8787}.Release|x64.Build.0 = Release|x64
		{F7A74A8C-A29B-4049-9E6F-C744E42D8787}.Release|x86.ActiveCfg = Release|Win32
		{F7A74A8C-A29B-4049-9E6F-C744E42D8787}.Release|x86.Build.0 = Release|Win32
		{238A969B-5E4E-4D17-B7A9-6A935187B004}.Debug|x64.ActiveCfg = Debug|x64
		{238A969B-5E4E-4D17-B7A9-6A935187B004}.Debug|x64.Build.0 = Debug|x64
		{238A969B-5E4E-4D17-B7A9-6A935187B004}.Debug|x86.ActiveCfg = Debug|Win32
		{238A969B-5E4E-4D17-B7A9-6A935187B004}.Debug|x86.Build.0 = Debug|Win32
		{238A969B-5E4E-4D17-B7A9-6A935187B004}.Release|x64.ActiveCfg = Release|x64
		{238A969B-5E4E-4D17-B7A9-6A935187B004}.Release|x64.Build.0 = Release|x64
		{238A969B-5E4E-4D17-B7A9-6A935187B004}.Release|x86.ActiveCfg = Release|Win32
		{238A969B-5E4E-4D17-B7A9-6A935187B004}.Release|x86.Build.0 = Release|Win32
		{477A7F8C-9972-4134-B86D-CCC4E8D0F505}.Debug|x64.ActiveCfg = Debug|x64
		{477A7F8C-9972-4134-B86D-CCC4E8D0F505}.Debug|x64.Build.0 = Debug|x64
		{477A7F8C-9972-4134-B86D-CCC4E8D0F505}.Debug|x86.ActiveCfg = Debug|Win32
		{477A7F8C-9972-4134-B86D-CCC4E8D0F505}.Debug|x86.Build.0 = Debug|Win32
		{477A7F8C-9972-4134-B86D-CCC4E8D0F505}.Release|x64.ActiveCfg = Release|x64
		{477A7F8C-9972-4134-B86D-CCC4E8D0F505}.Release|x64.Build.0 = Release|x64
		{477A7F8C-9972-4134-B86D-CCC4E8D0F505}.Release|x86.ActiveCfg = Release|Win32
		{477A7F8C-9972-4134-B86D-CCC4E8D0F505}.Release|x86.Build.0 = Release|Win32
		{7B4E2938-B4BE-473F-ABDA-534273967BD6}.Debug|x64.ActiveCfg = Debug|x64
		{7B4E2938-B4BE-473F-ABDA-534273967BD6}.Debug|x64.Build.0 = Debug|x64
		{7B4E2938-B4BE-473F-ABDA-534273967BD6}.Debug|x86.ActiveCfg = Debug|Win32
		{7B4E2938-B4BE-473F-ABDA-534273967BD6}.Debug|x86.Build.0 = Debug|Win32
		{7B4E2938-B4BE-473F-ABDA-534273967BD6}.Release|x64.ActiveCfg = Release|x64
		{7B4E2938-B4BE-473F-ABDA-534273967BD6}.Release|x64.Build.0 = Release|x64
		{7B4E2938-B4BE-473F-ABDA-534273967BD6}.Release|x86.ActiveCfg = Release|Win32
		{7B4E2938-B4BE-473F-ABDA-534273967BD6}.Release|x86.Build.0 = Release|Win32
		{EA6D66C9-07B2-4D53-BD14-36EC9DD8D946}.Debug|x64.ActiveCfg = Debug|x64
		{EA6D66C9-07B2-4D53-BD14-36EC9DD8D946}.Debug|x64.Build.0 = Debug|x64
		{EA6D66C9-07B2-4D53-BD14-36EC9DD8D946}.Debug|x86.ActiveCfg = Debug|Win32
		{EA6D66C9-07B2-4D53-BD14-36EC9DD8D946}.Debug|x86.Build.0 = Debug|Win32
		{EA6D66C9-07B2-4D53-BD14-36EC9DD8D946}.Release|x64.ActiveCfg = Release|x64
		{EA6D66C9-07B2-4D53-BD14-36EC9DD8D946}.Release|x64.Build.0 = Release|x64
		{EA6D66C9-07B2-4D53-BD14-36EC9DD8D946}.Release|x86.ActiveCfg = Release|Win32
		{EA6D66C9-07B2-4D53-BD14-36EC9DD8D946}.Release|x86.Build.0 = Release|Win32
		{DEA56CAC-1C18-4FC4-AD46-6DE120FC247C}.Debug|x64.ActiveCfg = Debug|x64
		{DEA56CAC-1C18-4FC4-AD46-6DE120FC247C}.Debug|x64.Build.0 = Debug|x64
		{DEA56CAC-1C18-4FC4-AD46-6DE120FC247C}.Debug|x86.ActiveCfg = Debug|Win32
		{DEA56CAC-1C18-4FC4-AD46-6DE120FC247C}.Debug|x86.Build.0 = Debug|Win32
		{DEA56CAC-1C18-4FC4-AD46-6DE120FC247C}.Release|x64.ActiveCfg = Release|x64
		{DEA56CAC-1C18-4FC4-AD46-6DE120FC247C}.Release|x64.Build.0 = Release|x64
		{DEA56CAC-1C18-4FC4-AD46-6DE120FC247C}.Release|x86.ActiveCfg = Release|Win32
		{DEA56CAC-1C18-4FC4-AD46-6DE120FC247C}.Release|x86.Build.0 = Release|Win32
	EndGlobalSection
	GlobalSection(SolutionProperties) = preSolution
		HideSolutionNode = FALSE
	EndGlobalSection
	GlobalSection(ExtensibilityGlobals) = postSolution
		SolutionGuid = {8856AC7E-4632-42B9-B934-555D0013F8D5}
	EndGlobalSection
EndGlobal
